
Microsoft Visual Studio Solution File, Format Version 12.00
# Visual Studio 15
VisualStudioVersion = 15.0.27004.2008
MinimumVisualStudioVersion = 10.0.40219.1
Project("{FAE04EC0-301F-11D3-BF4B-00C04F79EFBC}") = "QLTTGS", "QLTTGS\QLTTGS.csproj", "{938C9921-727C-4447-95EA-3528C2DA76FB}"
EndProject
Global
	GlobalSection(SolutionConfigurationPlatforms) = preSolution
		Debug|Any CPU = Debug|Any CPU
		Release|Any CPU = Release|Any CPU
	EndGlobalSection
	GlobalSection(ProjectConfigurationPlatforms) = postSolution
		{938C9921-727C-4447-95EA-3528C2DA76FB}.Debug|Any CPU.ActiveCfg = Debug|Any CPU
		{938C9921-727C-4447-95EA-3528C2DA76FB}.Debug|Any CPU.Build.0 = Debug|Any CPU
		{938C9921-727C-4447-95EA-3528C2DA76FB}.Release|Any CPU.ActiveCfg = Release|Any CPU
		{938C9921-727C-4447-95EA-3528C2DA76FB}.Release|Any CPU.Build.0 = Release|Any CPU
	EndGlobalSection
	GlobalSection(SolutionProperties) = preSolution
		HideSolutionNode = FALSE
	EndGlobalSection
	GlobalSection(ExtensibilityGlobals) = postSolution
		SolutionGuid = {5E6A7051-2824-4F5B-83BE-90B82A9FB0F7}
	EndGlobalSection
EndGlobal
